// !$*UTF8*$!
{
	archiveVersion = 1;
	classes = {
	};
	objectVersion = 46;
	objects = {

/* Begin PBXBuildFile section */
		30C454021DD07FC100308C54 /* AppDelegate.swift in Sources */ = {isa = PBXBuildFile; fileRef = 30C454011DD07FC100308C54 /* AppDelegate.swift */; };
		30C454091DD07FC100308C54 /* Assets.xcassets in Resources */ = {isa = PBXBuildFile; fileRef = 30C454081DD07FC100308C54 /* Assets.xcassets */; };
		30C4540C1DD07FC100308C54 /* LaunchScreen.storyboard in Resources */ = {isa = PBXBuildFile; fileRef = 30C4540A1DD07FC100308C54 /* LaunchScreen.storyboard */; };
		30C454151DD07FDC00308C54 /* DemoViewController.swift in Sources */ = {isa = PBXBuildFile; fileRef = 30C454131DD07FDC00308C54 /* DemoViewController.swift */; };
		30C454161DD07FDC00308C54 /* DemoViewController.xib in Resources */ = {isa = PBXBuildFile; fileRef = 30C454141DD07FDC00308C54 /* DemoViewController.xib */; };
		30CFB6AD1DD1D216001D2383 /* LoginViewController.swift in Sources */ = {isa = PBXBuildFile; fileRef = 30CFB6AB1DD1D216001D2383 /* LoginViewController.swift */; };
		30CFB6AE1DD1D216001D2383 /* LoginViewController.xib in Resources */ = {isa = PBXBuildFile; fileRef = 30CFB6AC1DD1D216001D2383 /* LoginViewController.xib */; };
/* End PBXBuildFile section */

/* Begin PBXFileReference section */
		30C453FE1DD07FC100308C54 /* DemoView.app */ = {isa = PBXFileReference; explicitFileType = wrapper.application; includeInIndex = 0; path = DemoView.app; sourceTree = BUILT_PRODUCTS_DIR; };
		30C454011DD07FC100308C54 /* AppDelegate.swift */ = {isa = PBXFileReference; lastKnownFileType = sourcecode.swift; path = AppDelegate.swift; sourceTree = "<group>"; };
		30C454081DD07FC100308C54 /* Assets.xcassets */ = {isa = PBXFileReference; lastKnownFileType = folder.assetcatalog; path = Assets.xcassets; sourceTree = "<group>"; };
		30C4540B1DD07FC100308C54 /* Base */ = {isa = PBXFileReference; lastKnownFileType = file.storyboard; name = Base; path = Base.lproj/LaunchScreen.storyboard; sourceTree = "<group>"; };
		30C4540D1DD07FC100308C54 /* Info.plist */ = {isa = PBXFileReference; lastKnownFileType = text.plist.xml; path = Info.plist; sourceTree = "<group>"; };
		30C454131DD07FDC00308C54 /* DemoViewController.swift */ = {isa = PBXFileReference; fileEncoding = 4; lastKnownFileType = sourcecode.swift; path = DemoViewController.swift; sourceTree = "<group>"; };
		30C454141DD07FDC00308C54 /* DemoViewController.xib */ = {isa = PBXFileReference; fileEncoding = 4; lastKnownFileType = file.xib; path = DemoViewController.xib; sourceTree = "<group>"; };
		30CFB6AB1DD1D216001D2383 /* LoginViewController.swift */ = {isa = PBXFileReference; fileEncoding = 4; lastKnownFileType = sourcecode.swift; path = LoginViewController.swift; sourceTree = "<group>"; };
		30CFB6AC1DD1D216001D2383 /* LoginViewController.xib */ = {isa = PBXFileReference; fileEncoding = 4; lastKnownFileType = file.xib; path = LoginViewController.xib; sourceTree = "<group>"; };
/* End PBXFileReference section */

/* Begin PBXFrameworksBuildPhase section */
		30C453FB1DD07FC100308C54 /* Frameworks */ = {
			isa = PBXFrameworksBuildPhase;
			buildActionMask = 2147483647;
			files = (
			);
			runOnlyForDeploymentPostprocessing = 0;
		};
/* End PBXFrameworksBuildPhase section */

/* Begin PBXGroup section */
		30C453F51DD07FC100308C54 = {
			isa = PBXGroup;
			children = (
				30C454001DD07FC100308C54 /* DemoView */,
				30C453FF1DD07FC100308C54 /* Products */,
			);
			sourceTree = "<group>";
		};
		30C453FF1DD07FC100308C54 /* Products */ = {
			isa = PBXGroup;
			children = (
				30C453FE1DD07FC100308C54 /* DemoView.app */,
			);
			name = Products;
			sourceTree = "<group>";
		};
		30C454001DD07FC100308C54 /* DemoView */ = {
			isa = PBXGroup;
			children = (
				30C454011DD07FC100308C54 /* AppDelegate.swift */,
				30C454081DD07FC100308C54 /* Assets.xcassets */,
				30C4540A1DD07FC100308C54 /* LaunchScreen.storyboard */,
				30C4540D1DD07FC100308C54 /* Info.plist */,
				30C454131DD07FDC00308C54 /* DemoViewController.swift */,
				30C454141DD07FDC00308C54 /* DemoViewController.xib */,
				30CFB6AB1DD1D216001D2383 /* LoginViewController.swift */,
				30CFB6AC1DD1D216001D2383 /* LoginViewController.xib */,
			);
			path = DemoView;
			sourceTree = "<group>";
		};
/* End PBXGroup section */

/* Begin PBXNativeTarget section */
		30C453FD1DD07FC100308C54 /* DemoView */ = {
			isa = PBXNativeTarget;
			buildConfigurationList = 30C454101DD07FC100308C54 /* Build configuration list for PBXNativeTarget "DemoView" */;
			buildPhases = (
				30C453FA1DD07FC100308C54 /* Sources */,
				30C453FB1DD07FC100308C54 /* Frameworks */,
				30C453FC1DD07FC100308C54 /* Resources */,
			);
			buildRules = (
			);
			dependencies = (
			);
			name = DemoView;
			productName = DemoView;
			productReference = 30C453FE1DD07FC100308C54 /* DemoView.app */;
			productType = "com.apple.product-type.application";
		};
/* End PBXNativeTarget section */

/* Begin PBXProject section */
		30C453F61DD07FC100308C54 /* Project object */ = {
			isa = PBXProject;
			attributes = {
				LastSwiftUpdateCheck = 0800;
				LastUpgradeCheck = 0800;
				ORGANIZATIONNAME = "Thieu Mao";
				TargetAttributes = {
					30C453FD1DD07FC100308C54 = {
						CreatedOnToolsVersion = 8.0;
						DevelopmentTeam = Z4ZNZ62PTW;
						ProvisioningStyle = Automatic;
					};
				};
			};
			buildConfigurationList = 30C453F91DD07FC100308C54 /* Build configuration list for PBXProject "DemoView" */;
			compatibilityVersion = "Xcode 3.2";
			developmentRegion = English;
			hasScannedForEncodings = 0;
			knownRegions = (
				en,
				Base,
			);
			mainGroup = 30C453F51DD07FC100308C54;
			productRefGroup = 30C453FF1DD07FC100308C54 /* Products */;
			projectDirPath = "";
			projectRoot = "";
			targets = (
				30C453FD1DD07FC100308C54 /* DemoView */,
			);
		};
/* End PBXProject section */

/* Begin PBXResourcesBuildPhase section */
		30C453FC1DD07FC100308C54 /* Resources */ = {
			isa = PBXResourcesBuildPhase;
			buildActionMask = 2147483647;
			files = (
				30CFB6AE1DD1D216001D2383 /* LoginViewController.xib in Resources */,
				30C4540C1DD07FC100308C54 /* LaunchScreen.storyboard in Resources */,
				30C454091DD07FC100308C54 /* Assets.xcassets in Resources */,
				30C454161DD07FDC00308C54 /* DemoViewController.xib in Resources */,
			);
			runOnlyForDeploymentPostprocessing = 0;
		};
/* End PBXResourcesBuildPhase section */

/* Begin PBXSourcesBuildPhase section */
		30C453FA1DD07FC100308C54 /* Sources */ = {
			isa = PBXSourcesBuildPhase;
			buildActionMask = 2147483647;
			files = (
				30CFB6AD1DD1D216001D2383 /* LoginViewController.swift in Sources */,
				30C454151DD07FDC00308C54 /* DemoViewController.swift in Sources */,
				30C454021DD07FC100308C54 /* AppDelegate.swift in Sources */,
			);
			runOnlyForDeploymentPostprocessing = 0;
		};
/* End PBXSourcesBuildPhase section */

/* Begin PBXVariantGroup section */
		30C4540A1DD07FC100308C54 /* LaunchScreen.storyboard */ = {
			isa = PBXVariantGroup;
			children = (
				30C4540B1DD07FC100308C54 /* Base */,
			);
			name = LaunchScreen.storyboard;
			sourceTree = "<group>";
		};
/* End PBXVariantGroup section */

/* Begin XCBuildConfiguration section */
		30C4540E1DD07FC100308C54 /* Debug */ = {
			isa = XCBuildConfiguration;
			buildSettings = {
				ALWAYS_SEARCH_USER_PATHS = NO;
				CLANG_ANALYZER_NONNULL = YES;
				CLANG_CXX_LANGUAGE_STANDARD = "gnu++0x";
				CLANG_CXX_LIBRARY = "libc++";
				CLANG_ENABLE_MODULES = YES;
				CLANG_ENABLE_OBJC_ARC = YES;
				CLANG_WARN_BOOL_CONVERSION = YES;
				CLANG_WARN_CONSTANT_CONVERSION = YES;
				CLANG_WARN_DIRECT_OBJC_ISA_USAGE = YES_ERROR;
				CLANG_WARN_DOCUMENTATION_COMMENTS = YES;
				CLANG_WARN_EMPTY_BODY = YES;
				CLANG_WARN_ENUM_CONVERSION = YES;
				CLANG_WARN_INFINITE_RECURSION = YES;
				CLANG_WARN_INT_CONVERSION = YES;
				CLANG_WARN_OBJC_ROOT_CLASS = YES_ERROR;
				CLANG_WARN_SUSPICIOUS_MOVES = YES;
				CLANG_WARN_UNREACHABLE_CODE = YES;
				CLANG_WARN__DUPLICATE_METHOD_MATCH = YES;
				"CODE_SIGN_IDENTITY[sdk=iphoneos*]" = "iPhone Developer";
				COPY_PHASE_STRIP = NO;
				DEBUG_INFORMATION_FORMAT = dwarf;
				ENABLE_STRICT_OBJC_MSGSEND = YES;
				ENABLE_TESTABILITY = YES;
				GCC_C_LANGUAGE_STANDARD = gnu99;
				GCC_DYNAMIC_NO_PIC = NO;
				GCC_NO_COMMON_BLOCKS = YES;
				GCC_OPTIMIZATION_LEVEL = 0;
				GCC_PREPROCESSOR_DEFINITIONS = (
					"DEBUG=1",
					"$(inherited)",
				);
				GCC_WARN_64_TO_32_BIT_CONVERSION = YES;
				GCC_WARN_ABOUT_RETURN_TYPE = YES_ERROR;
				GCC_WARN_UNDECLARED_SELECTOR = YES;
				GCC_WARN_UNINITIALIZED_AUTOS = YES_AGGRESSIVE;
				GCC_WARN_UNUSED_FUNCTION = YES;
				GCC_WARN_UNUSED_VARIABLE = YES;
				IPHONEOS_DEPLOYMENT_TARGET = 10.0;
				MTL_ENABLE_DEBUG_INFO = YES;
				ONLY_ACTIVE_ARCH = YES;
				SDKROOT = iphoneos;
				SWIFT_ACTIVE_COMPILATION_CONDITIONS = DEBUG;
				SWIFT_OPTIMIZATION_LEVEL = "-Onone";
			};
			name = Debug;
		};
		30C4540F1DD07FC100308C54 /* Release */ = {
			isa = XCBuildConfiguration;
			buildSettings = {
				ALWAYS_SEARCH_USER_PATHS = NO;
				CLANG_ANALYZER_NONNULL = YES;
				CLANG_CXX_LANGUAGE_STANDARD = "gnu++0x";
				CLANG_CXX_LIBRARY = "libc++";
				CLANG_ENABLE_MODULES = YES;
				CLANG_ENABLE_OBJC_ARC = YES;
				CLANG_WARN_BOOL_CONVERSION = YES;
				CLANG_WARN_CONSTANT_CONVERSION = YES;
				CLANG_WARN_DIRECT_OBJC_ISA_USAGE = YES_ERROR;
				CLANG_WARN_DOCUMENTATION_COMMENTS = YES;
				CLANG_WARN_EMPTY_BODY = YES;
				CLANG_WARN_ENUM_CONVERSION = YES;
				CLANG_WARN_INFINITE_RECURSION = YES;
				CLANG_WARN_INT_CONVERSION = YES;
				CLANG_WARN_OBJC_ROOT_CLASS = YES_ERROR;
				CLANG_WARN_SUSPICIOUS_MOVES = YES;
				CLANG_WARN_UNREACHABLE_CODE = YES;
				CLANG_WARN__DUPLICATE_METHOD_MATCH = YES;
				"CODE_SIGN_IDENTITY[sdk=iphoneos*]" = "iPhone Developer";
				COPY_PHASE_STRIP = NO;
				DEBUG_INFORMATION_FORMAT = "dwarf-with-dsym";
				ENABLE_NS_ASSERTIONS = NO;
				ENABLE_STRICT_OBJC_MSGSEND = YES;
				GCC_C_LANGUAGE_STANDARD = gnu99;
				GCC_NO_COMMON_BLOCKS = YES;
				GCC_WARN_64_TO_32_BIT_CONVERSION = YES;
				GCC_WARN_ABOUT_RETURN_TYPE = YES_ERROR;
				GCC_WARN_UNDECLARED_SELECTOR = YES;
				GCC_WARN_UNINITIALIZED_AUTOS = YES_AGGRESSIVE;
				GCC_WARN_UNUSED_FUNCTION = YES;
				GCC_WARN_UNUSED_VARIABLE = YES;
				IPHONEOS_DEPLOYMENT_TARGET = 10.0;
				MTL_ENABLE_DEBUG_INFO = NO;
				SDKROOT = iphoneos;
				SWIFT_OPTIMIZATION_LEVEL = "-Owholemodule";
				VALIDATE_PRODUCT = YES;
			};
			name = Release;
		};
		30C454111DD07FC100308C54 /* Debug */ = {
			isa = XCBuildConfiguration;
			buildSettings = {
				ASSETCATALOG_COMPILER_APPICON_NAME = AppIcon;
				DEVELOPMENT_TEAM = Z4ZNZ62PTW;
				INFOPLIST_FILE = DemoView/Info.plist;
				LD_RUNPATH_SEARCH_PATHS = "$(inherited) @executable_path/Frameworks";
				PRODUCT_BUNDLE_IDENTIFIER = com.haynhanh.DemoView;
				PRODUCT_NAME = "$(TARGET_NAME)";
				SWIFT_VERSION = 3.0;
			};
			name = Debug;
		};
		30C454121DD07FC100308C54 /* Release */ = {
			isa = XCBuildConfiguration;
			buildSettings = {
				ASSETCATALOG_COMPILER_APPICON_NAME = AppIcon;
				DEVELOPMENT_TEAM = Z4ZNZ62PTW;
				INFOPLIST_FILE = DemoView/Info.plist;
				LD_RUNPATH_SEARCH_PATHS = "$(inherited) @executable_path/Frameworks";
				PRODUCT_BUNDLE_IDENTIFIER = com.haynhanh.DemoView;
				PRODUCT_NAME = "$(TARGET_NAME)";
				SWIFT_VERSION = 3.0;
			};
			name = Release;
		};
/* End XCBuildConfiguration section */

/* Begin XCConfigurationList section */
		30C453F91DD07FC100308C54 /* Build configuration list for PBXProject "DemoView" */ = {
			isa = XCConfigurationList;
			buildConfigurations = (
				30C4540E1DD07FC100308C54 /* Debug */,
				30C4540F1DD07FC100308C54 /* Release */,
			);
			defaultConfigurationIsVisible = 0;
			defaultConfigurationName = Release;
		};
		30C454101DD07FC100308C54 /* Build configuration list for PBXNativeTarget "DemoView" */ = {
			isa = XCConfigurationList;
			buildConfigurations = (
				30C454111DD07FC100308C54 /* Debug */,
				30C454121DD07FC100308C54 /* Release */,
			);
			defaultConfigurationIsVisible = 0;
			defaultConfigurationName = Release;
		};
/* End XCConfigurationList section */
	};
	rootObject = 30C453F61DD07FC100308C54 /* Project object */;
}
